
Microsoft Visual Studio Solution File, Format Version 12.00
# Visual Studio Version 17
VisualStudioVersion = 17.0.31903.59
MinimumVisualStudioVersion = 10.0.40219.1
Project("{FAE04EC0-301F-11D3-BF4B-00C04F79EFBC}") = "FplBot", "FplBot\FplBot.csproj", "{F02BC599-E352-4F88-992C-B61544097E5F}"
EndProject
Project("{FAE04EC0-301F-11D3-BF4B-00C04F79EFBC}") = "FplBot.UnitTests", "FplBot.UnitTests\FplBot.UnitTests.csproj", "{950EC66F-2064-4BF6-9F81-4D61F56A89BE}"
EndProject
Global
	GlobalSection(SolutionConfigurationPlatforms) = preSolution
		Debug|Any CPU = Debug|Any CPU
		Debug|x64 = Debug|x64
		Debug|x86 = Debug|x86
		Release|Any CPU = Release|Any CPU
		Release|x64 = Release|x64
		Release|x86 = Release|x86
	EndGlobalSection
	GlobalSection(ProjectConfigurationPlatforms) = postSolution
		{F02BC599-E352-4F88-992C-B61544097E5F}.Debug|Any CPU.ActiveCfg = Debug|Any CPU
		{F02BC599-E352-4F88-992C-B61544097E5F}.Debug|Any CPU.Build.0 = Debug|Any CPU
		{F02BC599-E352-4F88-992C-B61544097E5F}.Debug|x64.ActiveCfg = Debug|Any CPU
		{F02BC599-E352-4F88-992C-B61544097E5F}.Debug|x64.Build.0 = Debug|Any CPU
		{F02BC599-E352-4F88-992C-B61544097E5F}.Debug|x86.ActiveCfg = Debug|Any CPU
		{F02BC599-E352-4F88-992C-B61544097E5F}.Debug|x86.Build.0 = Debug|Any CPU
		{F02BC599-E352-4F88-992C-B61544097E5F}.Release|Any CPU.ActiveCfg = Release|Any CPU
		{F02BC599-E352-4F88-992C-B61544097E5F}.Release|Any CPU.Build.0 = Release|Any CPU
		{F02BC599-E352-4F88-992C-B61544097E5F}.Release|x64.ActiveCfg = Release|Any CPU
		{F02BC599-E352-4F88-992C-B61544097E5F}.Release|x64.Build.0 = Release|Any CPU
		{F02BC599-E352-4F88-992C-B61544097E5F}.Release|x86.ActiveCfg = Release|Any CPU
		{F02BC599-E352-4F88-992C-B61544097E5F}.Release|x86.Build.0 = Release|Any CPU
		{950EC66F-2064-4BF6-9F81-4D61F56A89BE}.Debug|Any CPU.ActiveCfg = Debug|Any CPU
		{950EC66F-2064-4BF6-9F81-4D61F56A89BE}.Debug|Any CPU.Build.0 = Debug|Any CPU
		{950EC66F-2064-4BF6-9F81-4D61F56A89BE}.Debug|x64.ActiveCfg = Debug|Any CPU
		{950EC66F-2064-4BF6-9F81-4D61F56A89BE}.Debug|x64.Build.0 = Debug|Any CPU
		{950EC66F-2064-4BF6-9F81-4D61F56A89BE}.Debug|x86.ActiveCfg = Debug|Any CPU
		{950EC66F-2064-4BF6-9F81-4D61F56A89BE}.Debug|x86.Build.0 = Debug|Any CPU
		{950EC66F-2064-4BF6-9F81-4D61F56A89BE}.Release|Any CPU.ActiveCfg = Release|Any CPU
		{950EC66F-2064-4BF6-9F81-4D61F56A89BE}.Release|Any CPU.Build.0 = Release|Any CPU
		{950EC66F-2064-4BF6-9F81-4D61F56A89BE}.Release|x64.ActiveCfg = Release|Any CPU
		{950EC66F-2064-4BF6-9F81-4D61F56A89BE}.Release|x64.Build.0 = Release|Any CPU
		{950EC66F-2064-4BF6-9F81-4D61F56A89BE}.Release|x86.ActiveCfg = Release|Any CPU
		{950EC66F-2064-4BF6-9F81-4D61F56A89BE}.Release|x86.Build.0 = Release|Any CPU
	EndGlobalSection
	GlobalSection(SolutionProperties) = preSolution
		HideSolutionNode = FALSE
	EndGlobalSection
	GlobalSection(ExtensibilityGlobals) = postSolution
		SolutionGuid = {A48415E2-AE82-4E45-9CC1-F70BEF539EB5}
	EndGlobalSection
EndGlobal
